// !$*UTF8*$!
{
	archiveVersion = 1;
	classes = {
	};
	objectVersion = 50;
	objects = {

/* Begin PBXBuildFile section */
		15AD5D6E21DF1CDA00740CA9 /* Student.m in Sources */ = {isa = PBXBuildFile; fileRef = 15AD5D6D21DF1CDA00740CA9 /* Student.m */; };
		15AD5D7321DF2B1500740CA9 /* TableViewController.m in Sources */ = {isa = PBXBuildFile; fileRef = 15AD5D7221DF2B1500740CA9 /* TableViewController.m */; };
		15EBD61F21DE1F3D00E32254 /* AppDelegate.m in Sources */ = {isa = PBXBuildFile; fileRef = 15EBD61E21DE1F3D00E32254 /* AppDelegate.m */; };
		15EBD62221DE1F3D00E32254 /* ViewController.m in Sources */ = {isa = PBXBuildFile; fileRef = 15EBD62121DE1F3D00E32254 /* ViewController.m */; };
		15EBD62521DE1F3D00E32254 /* Main.storyboard in Resources */ = {isa = PBXBuildFile; fileRef = 15EBD62321DE1F3D00E32254 /* Main.storyboard */; };
		15EBD62821DE1F3D00E32254 /* StudentScore.xcdatamodeld in Sources */ = {isa = PBXBuildFile; fileRef = 15EBD62621DE1F3D00E32254 /* StudentScore.xcdatamodeld */; };
		15EBD62A21DE1F4000E32254 /* Assets.xcassets in Resources */ = {isa = PBXBuildFile; fileRef = 15EBD62921DE1F4000E32254 /* Assets.xcassets */; };
		15EBD62D21DE1F4000E32254 /* LaunchScreen.storyboard in Resources */ = {isa = PBXBuildFile; fileRef = 15EBD62B21DE1F4000E32254 /* LaunchScreen.storyboard */; };
		15EBD63021DE1F4000E32254 /* main.m in Sources */ = {isa = PBXBuildFile; fileRef = 15EBD62F21DE1F4000E32254 /* main.m */; };
		15EBD63A21DE1F4000E32254 /* StudentScoreTests.m in Sources */ = {isa = PBXBuildFile; fileRef = 15EBD63921DE1F4000E32254 /* StudentScoreTests.m */; };
		15EBD64521DE1F4000E32254 /* StudentScoreUITests.m in Sources */ = {isa = PBXBuildFile; fileRef = 15EBD64421DE1F4000E32254 /* StudentScoreUITests.m */; };
/* End PBXBuildFile section */

/* Begin PBXContainerItemProxy section */
		15EBD63621DE1F4000E32254 /* PBXContainerItemProxy */ = {
			isa = PBXContainerItemProxy;
			containerPortal = 15EBD61221DE1F3D00E32254 /* Project object */;
			proxyType = 1;
			remoteGlobalIDString = 15EBD61921DE1F3D00E32254;
			remoteInfo = StudentScore;
		};
		15EBD64121DE1F4000E32254 /* PBXContainerItemProxy */ = {
			isa = PBXContainerItemProxy;
			containerPortal = 15EBD61221DE1F3D00E32254 /* Project object */;
			proxyType = 1;
			remoteGlobalIDString = 15EBD61921DE1F3D00E32254;
			remoteInfo = StudentScore;
		};
/* End PBXContainerItemProxy section */

/* Begin PBXFileReference section */
		15AD5D6C21DF1CDA00740CA9 /* Student.h */ = {isa = PBXFileReference; lastKnownFileType = sourcecode.c.h; path = Student.h; sourceTree = "<group>"; };
		15AD5D6D21DF1CDA00740CA9 /* Student.m */ = {isa = PBXFileReference; lastKnownFileType = sourcecode.c.objc; path = Student.m; sourceTree = "<group>"; };
		15AD5D7121DF2B1500740CA9 /* TableViewController.h */ = {isa = PBXFileReference; lastKnownFileType = sourcecode.c.h; path = TableViewController.h; sourceTree = "<group>"; };
		15AD5D7221DF2B1500740CA9 /* TableViewController.m */ = {isa = PBXFileReference; lastKnownFileType = sourcecode.c.objc; path = TableViewController.m; sourceTree = "<group>"; };
		15AD5D7421DF3EC600740CA9 /* StudentScore.entitlements */ = {isa = PBXFileReference; lastKnownFileType = text.plist.entitlements; path = StudentScore.entitlements; sourceTree = "<group>"; };
		15EBD61A21DE1F3D00E32254 /* StudentScore.app */ = {isa = PBXFileReference; explicitFileType = wrapper.application; includeInIndex = 0; path = StudentScore.app; sourceTree = BUILT_PRODUCTS_DIR; };
		15EBD61D21DE1F3D00E32254 /* AppDelegate.h */ = {isa = PBXFileReference; lastKnownFileType = sourcecode.c.h; path = AppDelegate.h; sourceTree = "<group>"; };
		15EBD61E21DE1F3D00E32254 /* AppDelegate.m */ = {isa = PBXFileReference; lastKnownFileType = sourcecode.c.objc; path = AppDelegate.m; sourceTree = "<group>"; };
		15EBD62021DE1F3D00E32254 /* ViewController.h */ = {isa = PBXFileReference; lastKnownFileType = sourcecode.c.h; path = ViewController.h; sourceTree = "<group>"; };
		15EBD62121DE1F3D00E32254 /* ViewController.m */ = {isa = PBXFileReference; lastKnownFileType = sourcecode.c.objc; path = ViewController.m; sourceTree = "<group>"; };
		15EBD62421DE1F3D00E32254 /* Base */ = {isa = PBXFileReference; lastKnownFileType = file.storyboard; name = Base; path = Base.lproj/Main.storyboard; sourceTree = "<group>"; };
		15EBD62721DE1F3D00E32254 /* StudentScore.xcdatamodel */ = {isa = PBXFileReference; lastKnownFileType = wrapper.xcdatamodel; path = StudentScore.xcdatamodel; sourceTree = "<group>"; };
		15EBD62921DE1F4000E32254 /* Assets.xcassets */ = {isa = PBXFileReference; lastKnownFileType = folder.assetcatalog; path = Assets.xcassets; sourceTree = "<group>"; };
		15EBD62C21DE1F4000E32254 /* Base */ = {isa = PBXFileReference; lastKnownFileType = file.storyboard; name = Base; path = Base.lproj/LaunchScreen.storyboard; sourceTree = "<group>"; };
		15EBD62E21DE1F4000E32254 /* Info.plist */ = {isa = PBXFileReference; lastKnownFileType = text.plist.xml; path = Info.plist; sourceTree = "<group>"; };
		15EBD62F21DE1F4000E32254 /* main.m */ = {isa = PBXFileReference; lastKnownFileType = sourcecode.c.objc; path = main.m; sourceTree = "<group>"; };
		15EBD63521DE1F4000E32254 /* StudentScoreTests.xctest */ = {isa = PBXFileReference; explicitFileType = wrapper.cfbundle; includeInIndex = 0; path = StudentScoreTests.xctest; sourceTree = BUILT_PRODUCTS_DIR; };
		15EBD63921DE1F4000E32254 /* StudentScoreTests.m */ = {isa = PBXFileReference; lastKnownFileType = sourcecode.c.objc; path = StudentScoreTests.m; sourceTree = "<group>"; };
		15EBD63B21DE1F4000E32254 /* Info.plist */ = {isa = PBXFileReference; lastKnownFileType = text.plist.xml; path = Info.plist; sourceTree = "<group>"; };
		15EBD64021DE1F4000E32254 /* StudentScoreUITests.xctest */ = {isa = PBXFileReference; explicitFileType = wrapper.cfbundle; includeInIndex = 0; path = StudentScoreUITests.xctest; sourceTree = BUILT_PRODUCTS_DIR; };
		15EBD64421DE1F4000E32254 /* StudentScoreUITests.m */ = {isa = PBXFileReference; lastKnownFileType = sourcecode.c.objc; path = StudentScoreUITests.m; sourceTree = "<group>"; };
		15EBD64621DE1F4000E32254 /* Info.plist */ = {isa = PBXFileReference; lastKnownFileType = text.plist.xml; path = Info.plist; sourceTree = "<group>"; };
/* End PBXFileReference section */

/* Begin PBXFrameworksBuildPhase section */
		15EBD61721DE1F3D00E32254 /* Frameworks */ = {
			isa = PBXFrameworksBuildPhase;
			buildActionMask = 2147483647;
			files = (
			);
			runOnlyForDeploymentPostprocessing = 0;
		};
		15EBD63221DE1F4000E32254 /* Frameworks */ = {
			isa = PBXFrameworksBuildPhase;
			buildActionMask = 2147483647;
			files = (
			);
			runOnlyForDeploymentPostprocessing = 0;
		};
		15EBD63D21DE1F4000E32254 /* Frameworks */ = {
			isa = PBXFrameworksBuildPhase;
			buildActionMask = 2147483647;
			files = (
			);
			runOnlyForDeploymentPostprocessing = 0;
		};
/* End PBXFrameworksBuildPhase section */

/* Begin PBXGroup section */
		15AD5D7021DF1CEE00740CA9 /* model */ = {
			isa = PBXGroup;
			children = (
				15AD5D6C21DF1CDA00740CA9 /* Student.h */,
				15AD5D6D21DF1CDA00740CA9 /* Student.m */,
			);
			path = model;
			sourceTree = "<group>";
		};
		15EBD61121DE1F3D00E32254 = {
			isa = PBXGroup;
			children = (
				15EBD61C21DE1F3D00E32254 /* StudentScore */,
				15EBD63821DE1F4000E32254 /* StudentScoreTests */,
				15EBD64321DE1F4000E32254 /* StudentScoreUITests */,
				15EBD61B21DE1F3D00E32254 /* Products */,
			);
			sourceTree = "<group>";
		};
		15EBD61B21DE1F3D00E32254 /* Products */ = {
			isa = PBXGroup;
			children = (
				15EBD61A21DE1F3D00E32254 /* StudentScore.app */,
				15EBD63521DE1F4000E32254 /* StudentScoreTests.xctest */,
				15EBD64021DE1F4000E32254 /* StudentScoreUITests.xctest */,
			);
			name = Products;
			sourceTree = "<group>";
		};
		15EBD61C21DE1F3D00E32254 /* StudentScore */ = {
			isa = PBXGroup;
			children = (
				15AD5D7421DF3EC600740CA9 /* StudentScore.entitlements */,
				15EBD61D21DE1F3D00E32254 /* AppDelegate.h */,
				15EBD61E21DE1F3D00E32254 /* AppDelegate.m */,
				15EBD62021DE1F3D00E32254 /* ViewController.h */,
				15EBD62121DE1F3D00E32254 /* ViewController.m */,
				15AD5D7121DF2B1500740CA9 /* TableViewController.h */,
				15AD5D7221DF2B1500740CA9 /* TableViewController.m */,
				15EBD62321DE1F3D00E32254 /* Main.storyboard */,
				15EBD62921DE1F4000E32254 /* Assets.xcassets */,
				15EBD62B21DE1F4000E32254 /* LaunchScreen.storyboard */,
				15EBD62E21DE1F4000E32254 /* Info.plist */,
				15EBD62F21DE1F4000E32254 /* main.m */,
				15EBD62621DE1F3D00E32254 /* StudentScore.xcdatamodeld */,
				15AD5D7021DF1CEE00740CA9 /* model */,
			);
			path = StudentScore;
			sourceTree = "<group>";
		};
		15EBD63821DE1F4000E32254 /* StudentScoreTests */ = {
			isa = PBXGroup;
			children = (
				15EBD63921DE1F4000E32254 /* StudentScoreTests.m */,
				15EBD63B21DE1F4000E32254 /* Info.plist */,
			);
			path = StudentScoreTests;
			sourceTree = "<group>";
		};
		15EBD64321DE1F4000E32254 /* StudentScoreUITests */ = {
			isa = PBXGroup;
			children = (
				15EBD64421DE1F4000E32254 /* StudentScoreUITests.m */,
				15EBD64621DE1F4000E32254 /* Info.plist */,
			);
			path = StudentScoreUITests;
			sourceTree = "<group>";
		};
/* End PBXGroup section */

/* Begin PBXNativeTarget section */
		15EBD61921DE1F3D00E32254 /* StudentScore */ = {
			isa = PBXNativeTarget;
			buildConfigurationList = 15EBD64921DE1F4000E32254 /* Build configuration list for PBXNativeTarget "StudentScore" */;
			buildPhases = (
				15EBD61621DE1F3D00E32254 /* Sources */,
				15EBD61721DE1F3D00E32254 /* Frameworks */,
				15EBD61821DE1F3D00E32254 /* Resources */,
			);
			buildRules = (
			);
			dependencies = (
			);
			name = StudentScore;
			productName = StudentScore;
			productReference = 15EBD61A21DE1F3D00E32254 /* StudentScore.app */;
			productType = "com.apple.product-type.application";
		};
		15EBD63421DE1F4000E32254 /* StudentScoreTests */ = {
			isa = PBXNativeTarget;
			buildConfigurationList = 15EBD64C21DE1F4000E32254 /* Build configuration list for PBXNativeTarget "StudentScoreTests" */;
			buildPhases = (
				15EBD63121DE1F4000E32254 /* Sources */,
				15EBD63221DE1F4000E32254 /* Frameworks */,
				15EBD63321DE1F4000E32254 /* Resources */,
			);
			buildRules = (
			);
			dependencies = (
				15EBD63721DE1F4000E32254 /* PBXTargetDependency */,
			);
			name = StudentScoreTests;
			productName = StudentScoreTests;
			productReference = 15EBD63521DE1F4000E32254 /* StudentScoreTests.xctest */;
			productType = "com.apple.product-type.bundle.unit-test";
		};
		15EBD63F21DE1F4000E32254 /* StudentScoreUITests */ = {
			isa = PBXNativeTarget;
			buildConfigurationList = 15EBD64F21DE1F4000E32254 /* Build configuration list for PBXNativeTarget "StudentScoreUITests" */;
			buildPhases = (
				15EBD63C21DE1F4000E32254 /* Sources */,
				15EBD63D21DE1F4000E32254 /* Frameworks */,
				15EBD63E21DE1F4000E32254 /* Resources */,
			);
			buildRules = (
			);
			dependencies = (
				15EBD64221DE1F4000E32254 /* PBXTargetDependency */,
			);
			name = StudentScoreUITests;
			productName = StudentScoreUITests;
			productReference = 15EBD64021DE1F4000E32254 /* StudentScoreUITests.xctest */;
			productType = "com.apple.product-type.bundle.ui-testing";
		};
/* End PBXNativeTarget section */

/* Begin PBXProject section */
		15EBD61221DE1F3D00E32254 /* Project object */ = {
			isa = PBXProject;
			attributes = {
				LastUpgradeCheck = 1010;
				ORGANIZATIONNAME = XQ;
				TargetAttributes = {
					15EBD61921DE1F3D00E32254 = {
						CreatedOnToolsVersion = 10.1;
						SystemCapabilities = {
							com.apple.DataProtection = {
								enabled = 0;
							};
						};
					};
					15EBD63421DE1F4000E32254 = {
						CreatedOnToolsVersion = 10.1;
						TestTargetID = 15EBD61921DE1F3D00E32254;
					};
					15EBD63F21DE1F4000E32254 = {
						CreatedOnToolsVersion = 10.1;
						TestTargetID = 15EBD61921DE1F3D00E32254;
					};
				};
			};
			buildConfigurationList = 15EBD61521DE1F3D00E32254 /* Build configuration list for PBXProject "StudentScore" */;
			compatibilityVersion = "Xcode 9.3";
			developmentRegion = en;
			hasScannedForEncodings = 0;
			knownRegions = (
				en,
				Base,
			);
			mainGroup = 15EBD61121DE1F3D00E32254;
			productRefGroup = 15EBD61B21DE1F3D00E32254 /* Products */;
			projectDirPath = "";
			projectRoot = "";
			targets = (
				15EBD61921DE1F3D00E32254 /* StudentScore */,
				15EBD63421DE1F4000E32254 /* StudentScoreTests */,
				15EBD63F21DE1F4000E32254 /* StudentScoreUITests */,
			);
		};
/* End PBXProject section */

/* Begin PBXResourcesBuildPhase section */
		15EBD61821DE1F3D00E32254 /* Resources */ = {
			isa = PBXResourcesBuildPhase;
			buildActionMask = 2147483647;
			files = (
				15EBD62D21DE1F4000E32254 /* LaunchScreen.storyboard in Resources */,
				15EBD62A21DE1F4000E32254 /* Assets.xcassets in Resources */,
				15EBD62521DE1F3D00E32254 /* Main.storyboard in Resources */,
			);
			runOnlyForDeploymentPostprocessing = 0;
		};
		15EBD63321DE1F4000E32254 /* Resources */ = {
			isa = PBXResourcesBuildPhase;
			buildActionMask = 2147483647;
			files = (
			);
			runOnlyForDeploymentPostprocessing = 0;
		};
		15EBD63E21DE1F4000E32254 /* Resources */ = {
			isa = PBXResourcesBuildPhase;
			buildActionMask = 2147483647;
			files = (
			);
			runOnlyForDeploymentPostprocessing = 0;
		};
/* End PBXResourcesBuildPhase section */

/* Begin PBXSourcesBuildPhase section */
		15EBD61621DE1F3D00E32254 /* Sources */ = {
			isa = PBXSourcesBuildPhase;
			buildActionMask = 2147483647;
			files = (
				15EBD62221DE1F3D00E32254 /* ViewController.m in Sources */,
				15AD5D7321DF2B1500740CA9 /* TableViewController.m in Sources */,
				15EBD61F21DE1F3D00E32254 /* AppDelegate.m in Sources */,
				15AD5D6E21DF1CDA00740CA9 /* Student.m in Sources */,
				15EBD63021DE1F4000E32254 /* main.m in Sources */,
				15EBD62821DE1F3D00E32254 /* StudentScore.xcdatamodeld in Sources */,
			);
			runOnlyForDeploymentPostprocessing = 0;
		};
		15EBD63121DE1F4000E32254 /* Sources */ = {
			isa = PBXSourcesBuildPhase;
			buildActionMask = 2147483647;
			files = (
				15EBD63A21DE1F4000E32254 /* StudentScoreTests.m in Sources */,
			);
			runOnlyForDeploymentPostprocessing = 0;
		};
		15EBD63C21DE1F4000E32254 /* Sources */ = {
			isa = PBXSourcesBuildPhase;
			buildActionMask = 2147483647;
			files = (
				15EBD64521DE1F4000E32254 /* StudentScoreUITests.m in Sources */,
			);
			runOnlyForDeploymentPostprocessing = 0;
		};
/* End PBXSourcesBuildPhase section */

/* Begin PBXTargetDependency section */
		15EBD63721DE1F4000E32254 /* PBXTargetDependency */ = {
			isa = PBXTargetDependency;
			target = 15EBD61921DE1F3D00E32254 /* StudentScore */;
			targetProxy = 15EBD63621DE1F4000E32254 /* PBXContainerItemProxy */;
		};
		15EBD64221DE1F4000E32254 /* PBXTargetDependency */ = {
			isa = PBXTargetDependency;
			target = 15EBD61921DE1F3D00E32254 /* StudentScore */;
			targetProxy = 15EBD64121DE1F4000E32254 /* PBXContainerItemProxy */;
		};
/* End PBXTargetDependency section */

/* Begin PBXVariantGroup section */
		15EBD62321DE1F3D00E32254 /* Main.storyboard */ = {
			isa = PBXVariantGroup;
			children = (
				15EBD62421DE1F3D00E32254 /* Base */,
			);
			name = Main.storyboard;
			sourceTree = "<group>";
		};
		15EBD62B21DE1F4000E32254 /* LaunchScreen.storyboard */ = {
			isa = PBXVariantGroup;
			children = (
				15EBD62C21DE1F4000E32254 /* Base */,
			);
			name = LaunchScreen.storyboard;
			sourceTree = "<group>";
		};
/* End PBXVariantGroup section */

/* Begin XCBuildConfiguration section */
		15EBD64721DE1F4000E32254 /* Debug */ = {
			isa = XCBuildConfiguration;
			buildSettings = {
				ALWAYS_SEARCH_USER_PATHS = NO;
				CLANG_ANALYZER_NONNULL = YES;
				CLANG_ANALYZER_NUMBER_OBJECT_CONVERSION = YES_AGGRESSIVE;
				CLANG_CXX_LANGUAGE_STANDARD = "gnu++14";
				CLANG_CXX_LIBRARY = "libc++";
				CLANG_ENABLE_MODULES = YES;
				CLANG_ENABLE_OBJC_ARC = YES;
				CLANG_ENABLE_OBJC_WEAK = YES;
				CLANG_WARN_BLOCK_CAPTURE_AUTORELEASING = YES;
				CLANG_WARN_BOOL_CONVERSION = YES;
				CLANG_WARN_COMMA = YES;
				CLANG_WARN_CONSTANT_CONVERSION = YES;
				CLANG_WARN_DEPRECATED_OBJC_IMPLEMENTATIONS = YES;
				CLANG_WARN_DIRECT_OBJC_ISA_USAGE = YES_ERROR;
				CLANG_WARN_DOCUMENTATION_COMMENTS = YES;
				CLANG_WARN_EMPTY_BODY = YES;
				CLANG_WARN_ENUM_CONVERSION = YES;
				CLANG_WARN_INFINITE_RECURSION = YES;
				CLANG_WARN_INT_CONVERSION = YES;
				CLANG_WARN_NON_LITERAL_NULL_CONVERSION = YES;
				CLANG_WARN_OBJC_IMPLICIT_RETAIN_SELF = YES;
				CLANG_WARN_OBJC_LITERAL_CONVERSION = YES;
				CLANG_WARN_OBJC_ROOT_CLASS = YES_ERROR;
				CLANG_WARN_RANGE_LOOP_ANALYSIS = YES;
				CLANG_WARN_STRICT_PROTOTYPES = YES;
				CLANG_WARN_SUSPICIOUS_MOVE = YES;
				CLANG_WARN_UNGUARDED_AVAILABILITY = YES_AGGRESSIVE;
				CLANG_WARN_UNREACHABLE_CODE = YES;
				CLANG_WARN__DUPLICATE_METHOD_MATCH = YES;
				CODE_SIGN_IDENTITY = "iPhone Developer";
				COPY_PHASE_STRIP = NO;
				DEBUG_INFORMATION_FORMAT = dwarf;
				ENABLE_STRICT_OBJC_MSGSEND = YES;
				ENABLE_TESTABILITY = YES;
				GCC_C_LANGUAGE_STANDARD = gnu11;
				GCC_DYNAMIC_NO_PIC = NO;
				GCC_NO_COMMON_BLOCKS = YES;
				GCC_OPTIMIZATION_LEVEL = 0;
				GCC_PREPROCESSOR_DEFINITIONS = (
					"DEBUG=1",
					"$(inherited)",
				);
				GCC_WARN_64_TO_32_BIT_CONVERSION = YES;
				GCC_WARN_ABOUT_RETURN_TYPE = YES_ERROR;
				GCC_WARN_UNDECLARED_SELECTOR = YES;
				GCC_WARN_UNINITIALIZED_AUTOS = YES_AGGRESSIVE;
				GCC_WARN_UNUSED_FUNCTION = YES;
				GCC_WARN_UNUSED_VARIABLE = YES;
				IPHONEOS_DEPLOYMENT_TARGET = 12.1;
				MTL_ENABLE_DEBUG_INFO = INCLUDE_SOURCE;
				MTL_FAST_MATH = YES;
				ONLY_ACTIVE_ARCH = YES;
				SDKROOT = iphoneos;
			};
			name = Debug;
		};
		15EBD64821DE1F4000E32254 /* Release */ = {
			isa = XCBuildConfiguration;
			buildSettings = {
				ALWAYS_SEARCH_USER_PATHS = NO;
				CLANG_ANALYZER_NONNULL = YES;
				CLANG_ANALYZER_NUMBER_OBJECT_CONVERSION = YES_AGGRESSIVE;
				CLANG_CXX_LANGUAGE_STANDARD = "gnu++14";
				CLANG_CXX_LIBRARY = "libc++";
				CLANG_ENABLE_MODULES = YES;
				CLANG_ENABLE_OBJC_ARC = YES;
				CLANG_ENABLE_OBJC_WEAK = YES;
				CLANG_WARN_BLOCK_CAPTURE_AUTORELEASING = YES;
				CLANG_WARN_BOOL_CONVERSION = YES;
				CLANG_WARN_COMMA = YES;
				CLANG_WARN_CONSTANT_CONVERSION = YES;
				CLANG_WARN_DEPRECATED_OBJC_IMPLEMENTATIONS = YES;
				CLANG_WARN_DIRECT_OBJC_ISA_USAGE = YES_ERROR;
				CLANG_WARN_DOCUMENTATION_COMMENTS = YES;
				CLANG_WARN_EMPTY_BODY = YES;
				CLANG_WARN_ENUM_CONVERSION = YES;
				CLANG_WARN_INFINITE_RECURSION = YES;
				CLANG_WARN_INT_CONVERSION = YES;
				CLANG_WARN_NON_LITERAL_NULL_CONVERSION = YES;
				CLANG_WARN_OBJC_IMPLICIT_RETAIN_SELF = YES;
				CLANG_WARN_OBJC_LITERAL_CONVERSION = YES;
				CLANG_WARN_OBJC_ROOT_CLASS = YES_ERROR;
				CLANG_WARN_RANGE_LOOP_ANALYSIS = YES;
				CLANG_WARN_STRICT_PROTOTYPES = YES;
				CLANG_WARN_SUSPICIOUS_MOVE = YES;
				CLANG_WARN_UNGUARDED_AVAILABILITY = YES_AGGRESSIVE;
				CLANG_WARN_UNREACHABLE_CODE = YES;
				CLANG_WARN__DUPLICATE_METHOD_MATCH = YES;
				CODE_SIGN_IDENTITY = "iPhone Developer";
				COPY_PHASE_STRIP = NO;
				DEBUG_INFORMATION_FORMAT = "dwarf-with-dsym";
				ENABLE_NS_ASSERTIONS = NO;
				ENABLE_STRICT_OBJC_MSGSEND = YES;
				GCC_C_LANGUAGE_STANDARD = gnu11;
				GCC_NO_COMMON_BLOCKS = YES;
				GCC_WARN_64_TO_32_BIT_CONVERSION = YES;
				GCC_WARN_ABOUT_RETURN_TYPE = YES_ERROR;
				GCC_WARN_UNDECLARED_SELECTOR = YES;
				GCC_WARN_UNINITIALIZED_AUTOS = YES_AGGRESSIVE;
				GCC_WARN_UNUSED_FUNCTION = YES;
				GCC_WARN_UNUSED_VARIABLE = YES;
				IPHONEOS_DEPLOYMENT_TARGET = 12.1;
				MTL_ENABLE_DEBUG_INFO = NO;
				MTL_FAST_MATH = YES;
				SDKROOT = iphoneos;
				VALIDATE_PRODUCT = YES;
			};
			name = Release;
		};
		15EBD64A21DE1F4000E32254 /* Debug */ = {
			isa = XCBuildConfiguration;
			buildSettings = {
				ASSETCATALOG_COMPILER_APPICON_NAME = AppIcon;
				CODE_SIGN_STYLE = Automatic;
				DEVELOPMENT_TEAM = DXFP8TLN85;
				INFOPLIST_FILE = StudentScore/Info.plist;
				LD_RUNPATH_SEARCH_PATHS = (
					"$(inherited)",
					"@executable_path/Frameworks",
				);
				PRODUCT_BUNDLE_IDENTIFIER = XQ.StudentScore;
				PRODUCT_NAME = "$(TARGET_NAME)";
				TARGETED_DEVICE_FAMILY = 1;
			};
			name = Debug;
		};
		15EBD64B21DE1F4000E32254 /* Release */ = {
			isa = XCBuildConfiguration;
			buildSettings = {
				ASSETCATALOG_COMPILER_APPICON_NAME = AppIcon;
				CODE_SIGN_STYLE = Automatic;
				DEVELOPMENT_TEAM = DXFP8TLN85;
				INFOPLIST_FILE = StudentScore/Info.plist;
				LD_RUNPATH_SEARCH_PATHS = (
					"$(inherited)",
					"@executable_path/Frameworks",
				);
				PRODUCT_BUNDLE_IDENTIFIER = XQ.StudentScore;
				PRODUCT_NAME = "$(TARGET_NAME)";
				TARGETED_DEVICE_FAMILY = 1;
			};
			name = Release;
		};
		15EBD64D21DE1F4000E32254 /* Debug */ = {
			isa = XCBuildConfiguration;
			buildSettings = {
				BUNDLE_LOADER = "$(TEST_HOST)";
				CODE_SIGN_STYLE = Automatic;
				DEVELOPMENT_TEAM = DXFP8TLN85;
				INFOPLIST_FILE = StudentScoreTests/Info.plist;
				LD_RUNPATH_SEARCH_PATHS = (
					"$(inherited)",
					"@executable_path/Frameworks",
					"@loader_path/Frameworks",
				);
				PRODUCT_BUNDLE_IDENTIFIER = XQ.StudentScoreTests;
				PRODUCT_NAME = "$(TARGET_NAME)";
				TARGETED_DEVICE_FAMILY = "1,2";
				TEST_HOST = "$(BUILT_PRODUCTS_DIR)/StudentScore.app/StudentScore";
			};
			name = Debug;
		};
		15EBD64E21DE1F4000E32254 /* Release */ = {
			isa = XCBuildConfiguration;
			buildSettings = {
				BUNDLE_LOADER = "$(TEST_HOST)";
				CODE_SIGN_STYLE = Automatic;
				DEVELOPMENT_TEAM = DXFP8TLN85;
				INFOPLIST_FILE = StudentScoreTests/Info.plist;
				LD_RUNPATH_SEARCH_PATHS = (
					"$(inherited)",
					"@executable_path/Frameworks",
					"@loader_path/Frameworks",
				);
				PRODUCT_BUNDLE_IDENTIFIER = XQ.StudentScoreTests;
				PRODUCT_NAME = "$(TARGET_NAME)";
				TARGETED_DEVICE_FAMILY = "1,2";
				TEST_HOST = "$(BUILT_PRODUCTS_DIR)/StudentScore.app/StudentScore";
			};
			name = Release;
		};
		15EBD65021DE1F4000E32254 /* Debug */ = {
			isa = XCBuildConfiguration;
			buildSettings = {
				CODE_SIGN_STYLE = Automatic;
				DEVELOPMENT_TEAM = DXFP8TLN85;
				INFOPLIST_FILE = StudentScoreUITests/Info.plist;
				LD_RUNPATH_SEARCH_PATHS = (
					"$(inherited)",
					"@executable_path/Frameworks",
					"@loader_path/Frameworks",
				);
				PRODUCT_BUNDLE_IDENTIFIER = XQ.StudentScoreUITests;
				PRODUCT_NAME = "$(TARGET_NAME)";
				TARGETED_DEVICE_FAMILY = "1,2";
				TEST_TARGET_NAME = StudentScore;
			};
			name = Debug;
		};
		15EBD65121DE1F4000E32254 /* Release */ = {
			isa = XCBuildConfiguration;
			buildSettings = {
				CODE_SIGN_STYLE = Automatic;
				DEVELOPMENT_TEAM = DXFP8TLN85;
				INFOPLIST_FILE = StudentScoreUITests/Info.plist;
				LD_RUNPATH_SEARCH_PATHS = (
					"$(inherited)",
					"@executable_path/Frameworks",
					"@loader_path/Frameworks",
				);
				PRODUCT_BUNDLE_IDENTIFIER = XQ.StudentScoreUITests;
				PRODUCT_NAME = "$(TARGET_NAME)";
				TARGETED_DEVICE_FAMILY = "1,2";
				TEST_TARGET_NAME = StudentScore;
			};
			name = Release;
		};
/* End XCBuildConfiguration section */

/* Begin XCConfigurationList section */
		15EBD61521DE1F3D00E32254 /* Build configuration list for PBXProject "StudentScore" */ = {
			isa = XCConfigurationList;
			buildConfigurations = (
				15EBD64721DE1F4000E32254 /* Debug */,
				15EBD64821DE1F4000E32254 /* Release */,
			);
			defaultConfigurationIsVisible = 0;
			defaultConfigurationName = Release;
		};
		15EBD64921DE1F4000E32254 /* Build configuration list for PBXNativeTarget "StudentScore" */ = {
			isa = XCConfigurationList;
			buildConfigurations = (
				15EBD64A21DE1F4000E32254 /* Debug */,
				15EBD64B21DE1F4000E32254 /* Release */,
			);
			defaultConfigurationIsVisible = 0;
			defaultConfigurationName = Release;
		};
		15EBD64C21DE1F4000E32254 /* Build configuration list for PBXNativeTarget "StudentScoreTests" */ = {
			isa = XCConfigurationList;
			buildConfigurations = (
				15EBD64D21DE1F4000E32254 /* Debug */,
				15EBD64E21DE1F4000E32254 /* Release */,
			);
			defaultConfigurationIsVisible = 0;
			defaultConfigurationName = Release;
		};
		15EBD64F21DE1F4000E32254 /* Build configuration list for PBXNativeTarget "StudentScoreUITests" */ = {
			isa = XCConfigurationList;
			buildConfigurations = (
				15EBD65021DE1F4000E32254 /* Debug */,
				15EBD65121DE1F4000E32254 /* Release */,
			);
			defaultConfigurationIsVisible = 0;
			defaultConfigurationName = Release;
		};
/* End XCConfigurationList section */

/* Begin XCVersionGroup section */
		15EBD62621DE1F3D00E32254 /* StudentScore.xcdatamodeld */ = {
			isa = XCVersionGroup;
			children = (
				15EBD62721DE1F3D00E32254 /* StudentScore.xcdatamodel */,
			);
			currentVersion = 15EBD62721DE1F3D00E32254 /* StudentScore.xcdatamodel */;
			path = StudentScore.xcdatamodeld;
			sourceTree = "<group>";
			versionGroupType = wrapper.xcdatamodel;
		};
/* End XCVersionGroup section */
	};
	rootObject = 15EBD61221DE1F3D00E32254 /* Project object */;
}
