// !$*UTF8*$!
{
	archiveVersion = 1;
	classes = {
	};
	objectVersion = 50;
	objects = {

/* Begin PBXBuildFile section */
		15AD5D8321DF9A1C00740CA9 /* AppDelegate.m in Sources */ = {isa = PBXBuildFile; fileRef = 15AD5D8221DF9A1C00740CA9 /* AppDelegate.m */; };
		15AD5D8621DF9A1C00740CA9 /* ViewController.m in Sources */ = {isa = PBXBuildFile; fileRef = 15AD5D8521DF9A1C00740CA9 /* ViewController.m */; };
		15AD5D8921DF9A1C00740CA9 /* Main.storyboard in Resources */ = {isa = PBXBuildFile; fileRef = 15AD5D8721DF9A1C00740CA9 /* Main.storyboard */; };
		15AD5D8C21DF9A1C00740CA9 /* StudentScore_CoreData.xcdatamodeld in Sources */ = {isa = PBXBuildFile; fileRef = 15AD5D8A21DF9A1C00740CA9 /* StudentScore_CoreData.xcdatamodeld */; };
		15AD5D8E21DF9A1F00740CA9 /* Assets.xcassets in Resources */ = {isa = PBXBuildFile; fileRef = 15AD5D8D21DF9A1F00740CA9 /* Assets.xcassets */; };
		15AD5D9121DF9A1F00740CA9 /* LaunchScreen.storyboard in Resources */ = {isa = PBXBuildFile; fileRef = 15AD5D8F21DF9A1F00740CA9 /* LaunchScreen.storyboard */; };
		15AD5D9421DF9A1F00740CA9 /* main.m in Sources */ = {isa = PBXBuildFile; fileRef = 15AD5D9321DF9A1F00740CA9 /* main.m */; };
		15AD5D9E21DF9A1F00740CA9 /* StudentScore_CoreDataTests.m in Sources */ = {isa = PBXBuildFile; fileRef = 15AD5D9D21DF9A1F00740CA9 /* StudentScore_CoreDataTests.m */; };
		15AD5DA921DF9A1F00740CA9 /* StudentScore_CoreDataUITests.m in Sources */ = {isa = PBXBuildFile; fileRef = 15AD5DA821DF9A1F00740CA9 /* StudentScore_CoreDataUITests.m */; };
		15AD5DB821DF9C9A00740CA9 /* TableViewController.m in Sources */ = {isa = PBXBuildFile; fileRef = 15AD5DB721DF9C9A00740CA9 /* TableViewController.m */; };
/* End PBXBuildFile section */

/* Begin PBXContainerItemProxy section */
		15AD5D9A21DF9A1F00740CA9 /* PBXContainerItemProxy */ = {
			isa = PBXContainerItemProxy;
			containerPortal = 15AD5D7621DF9A1C00740CA9 /* Project object */;
			proxyType = 1;
			remoteGlobalIDString = 15AD5D7D21DF9A1C00740CA9;
			remoteInfo = StudentScore_CoreData;
		};
		15AD5DA521DF9A1F00740CA9 /* PBXContainerItemProxy */ = {
			isa = PBXContainerItemProxy;
			containerPortal = 15AD5D7621DF9A1C00740CA9 /* Project object */;
			proxyType = 1;
			remoteGlobalIDString = 15AD5D7D21DF9A1C00740CA9;
			remoteInfo = StudentScore_CoreData;
		};
/* End PBXContainerItemProxy section */

/* Begin PBXFileReference section */
		1576CB4E21DFAFF100A10703 /* Student+CoreDataProperties.h */ = {isa = PBXFileReference; lastKnownFileType = sourcecode.c.h; path = "Student+CoreDataProperties.h"; sourceTree = "<group>"; };
		1576CB4F21DFAFF100A10703 /* Student+CoreDataClass.h */ = {isa = PBXFileReference; lastKnownFileType = sourcecode.c.h; path = "Student+CoreDataClass.h"; sourceTree = "<group>"; };
		1576CB5021DFAFF100A10703 /* Student+CoreDataClass.m */ = {isa = PBXFileReference; lastKnownFileType = sourcecode.c.objc; path = "Student+CoreDataClass.m"; sourceTree = "<group>"; };
		1576CB5121DFAFF100A10703 /* Student+CoreDataProperties.m */ = {isa = PBXFileReference; lastKnownFileType = sourcecode.c.objc; path = "Student+CoreDataProperties.m"; sourceTree = "<group>"; };
		1576CB5221DFAFF100A10703 /* Teacher+CoreDataProperties.h */ = {isa = PBXFileReference; lastKnownFileType = sourcecode.c.h; path = "Teacher+CoreDataProperties.h"; sourceTree = "<group>"; };
		1576CB5321DFAFF100A10703 /* Teacher+CoreDataClass.h */ = {isa = PBXFileReference; lastKnownFileType = sourcecode.c.h; path = "Teacher+CoreDataClass.h"; sourceTree = "<group>"; };
		1576CB5421DFAFF100A10703 /* Teacher+CoreDataClass.m */ = {isa = PBXFileReference; lastKnownFileType = sourcecode.c.objc; path = "Teacher+CoreDataClass.m"; sourceTree = "<group>"; };
		1576CB5521DFAFF100A10703 /* Teacher+CoreDataProperties.m */ = {isa = PBXFileReference; lastKnownFileType = sourcecode.c.objc; path = "Teacher+CoreDataProperties.m"; sourceTree = "<group>"; };
		1576CB6321DFBD0100A10703 /* StudentScore_CoreData 2.xcdatamodel */ = {isa = PBXFileReference; lastKnownFileType = wrapper.xcdatamodel; path = "StudentScore_CoreData 2.xcdatamodel"; sourceTree = "<group>"; };
		1576CB6421DFBD1E00A10703 /* StudentScore_CoreData 2.xcdatamodel */ = {isa = PBXFileReference; lastKnownFileType = wrapper.xcdatamodel; path = "StudentScore_CoreData 2.xcdatamodel"; sourceTree = "<group>"; };
		15AD5D7E21DF9A1C00740CA9 /* StudentScore_CoreData.app */ = {isa = PBXFileReference; explicitFileType = wrapper.application; includeInIndex = 0; path = StudentScore_CoreData.app; sourceTree = BUILT_PRODUCTS_DIR; };
		15AD5D8121DF9A1C00740CA9 /* AppDelegate.h */ = {isa = PBXFileReference; lastKnownFileType = sourcecode.c.h; path = AppDelegate.h; sourceTree = "<group>"; };
		15AD5D8221DF9A1C00740CA9 /* AppDelegate.m */ = {isa = PBXFileReference; lastKnownFileType = sourcecode.c.objc; path = AppDelegate.m; sourceTree = "<group>"; };
		15AD5D8421DF9A1C00740CA9 /* ViewController.h */ = {isa = PBXFileReference; lastKnownFileType = sourcecode.c.h; path = ViewController.h; sourceTree = "<group>"; };
		15AD5D8521DF9A1C00740CA9 /* ViewController.m */ = {isa = PBXFileReference; lastKnownFileType = sourcecode.c.objc; path = ViewController.m; sourceTree = "<group>"; };
		15AD5D8821DF9A1C00740CA9 /* Base */ = {isa = PBXFileReference; lastKnownFileType = file.storyboard; name = Base; path = Base.lproj/Main.storyboard; sourceTree = "<group>"; };
		15AD5D8B21DF9A1C00740CA9 /* StudentScore_CoreData.xcdatamodel */ = {isa = PBXFileReference; explicitFileType = wrapper.xcdatamodel; path = StudentScore_CoreData.xcdatamodel; sourceTree = "<group>"; };
		15AD5D8D21DF9A1F00740CA9 /* Assets.xcassets */ = {isa = PBXFileReference; lastKnownFileType = folder.assetcatalog; path = Assets.xcassets; sourceTree = "<group>"; };
		15AD5D9021DF9A1F00740CA9 /* Base */ = {isa = PBXFileReference; lastKnownFileType = file.storyboard; name = Base; path = Base.lproj/LaunchScreen.storyboard; sourceTree = "<group>"; };
		15AD5D9221DF9A1F00740CA9 /* Info.plist */ = {isa = PBXFileReference; lastKnownFileType = text.plist.xml; path = Info.plist; sourceTree = "<group>"; };
		15AD5D9321DF9A1F00740CA9 /* main.m */ = {isa = PBXFileReference; lastKnownFileType = sourcecode.c.objc; path = main.m; sourceTree = "<group>"; };
		15AD5D9921DF9A1F00740CA9 /* StudentScore_CoreDataTests.xctest */ = {isa = PBXFileReference; explicitFileType = wrapper.cfbundle; includeInIndex = 0; path = StudentScore_CoreDataTests.xctest; sourceTree = BUILT_PRODUCTS_DIR; };
		15AD5D9D21DF9A1F00740CA9 /* StudentScore_CoreDataTests.m */ = {isa = PBXFileReference; lastKnownFileType = sourcecode.c.objc; path = StudentScore_CoreDataTests.m; sourceTree = "<group>"; };
		15AD5D9F21DF9A1F00740CA9 /* Info.plist */ = {isa = PBXFileReference; lastKnownFileType = text.plist.xml; path = Info.plist; sourceTree = "<group>"; };
		15AD5DA421DF9A1F00740CA9 /* StudentScore_CoreDataUITests.xctest */ = {isa = PBXFileReference; explicitFileType = wrapper.cfbundle; includeInIndex = 0; path = StudentScore_CoreDataUITests.xctest; sourceTree = BUILT_PRODUCTS_DIR; };
		15AD5DA821DF9A1F00740CA9 /* StudentScore_CoreDataUITests.m */ = {isa = PBXFileReference; lastKnownFileType = sourcecode.c.objc; path = StudentScore_CoreDataUITests.m; sourceTree = "<group>"; };
		15AD5DAA21DF9A1F00740CA9 /* Info.plist */ = {isa = PBXFileReference; lastKnownFileType = text.plist.xml; path = Info.plist; sourceTree = "<group>"; };
		15AD5DB621DF9C9A00740CA9 /* TableViewController.h */ = {isa = PBXFileReference; lastKnownFileType = sourcecode.c.h; path = TableViewController.h; sourceTree = "<group>"; };
		15AD5DB721DF9C9A00740CA9 /* TableViewController.m */ = {isa = PBXFileReference; lastKnownFileType = sourcecode.c.objc; path = TableViewController.m; sourceTree = "<group>"; };
/* End PBXFileReference section */

/* Begin PBXFrameworksBuildPhase section */
		15AD5D7B21DF9A1C00740CA9 /* Frameworks */ = {
			isa = PBXFrameworksBuildPhase;
			buildActionMask = 2147483647;
			files = (
			);
			runOnlyForDeploymentPostprocessing = 0;
		};
		15AD5D9621DF9A1F00740CA9 /* Frameworks */ = {
			isa = PBXFrameworksBuildPhase;
			buildActionMask = 2147483647;
			files = (
			);
			runOnlyForDeploymentPostprocessing = 0;
		};
		15AD5DA121DF9A1F00740CA9 /* Frameworks */ = {
			isa = PBXFrameworksBuildPhase;
			buildActionMask = 2147483647;
			files = (
			);
			runOnlyForDeploymentPostprocessing = 0;
		};
/* End PBXFrameworksBuildPhase section */

/* Begin PBXGroup section */
		1576CB5621DFAFF500A10703 /* CoreData */ = {
			isa = PBXGroup;
			children = (
				1576CB4F21DFAFF100A10703 /* Student+CoreDataClass.h */,
				1576CB4E21DFAFF100A10703 /* Student+CoreDataProperties.h */,
				1576CB5321DFAFF100A10703 /* Teacher+CoreDataClass.h */,
				1576CB5221DFAFF100A10703 /* Teacher+CoreDataProperties.h */,
				1576CB5021DFAFF100A10703 /* Student+CoreDataClass.m */,
				1576CB5121DFAFF100A10703 /* Student+CoreDataProperties.m */,
				1576CB5421DFAFF100A10703 /* Teacher+CoreDataClass.m */,
				1576CB5521DFAFF100A10703 /* Teacher+CoreDataProperties.m */,
			);
			path = CoreData;
			sourceTree = "<group>";
		};
		15AD5D7521DF9A1C00740CA9 = {
			isa = PBXGroup;
			children = (
				15AD5D8021DF9A1C00740CA9 /* StudentScore_CoreData */,
				15AD5D9C21DF9A1F00740CA9 /* StudentScore_CoreDataTests */,
				15AD5DA721DF9A1F00740CA9 /* StudentScore_CoreDataUITests */,
				15AD5D7F21DF9A1C00740CA9 /* Products */,
			);
			sourceTree = "<group>";
		};
		15AD5D7F21DF9A1C00740CA9 /* Products */ = {
			isa = PBXGroup;
			children = (
				15AD5D7E21DF9A1C00740CA9 /* StudentScore_CoreData.app */,
				15AD5D9921DF9A1F00740CA9 /* StudentScore_CoreDataTests.xctest */,
				15AD5DA421DF9A1F00740CA9 /* StudentScore_CoreDataUITests.xctest */,
			);
			name = Products;
			sourceTree = "<group>";
		};
		15AD5D8021DF9A1C00740CA9 /* StudentScore_CoreData */ = {
			isa = PBXGroup;
			children = (
				1576CB5621DFAFF500A10703 /* CoreData */,
				15AD5D8121DF9A1C00740CA9 /* AppDelegate.h */,
				15AD5D8221DF9A1C00740CA9 /* AppDelegate.m */,
				15AD5D8421DF9A1C00740CA9 /* ViewController.h */,
				15AD5D8521DF9A1C00740CA9 /* ViewController.m */,
				15AD5D8721DF9A1C00740CA9 /* Main.storyboard */,
				15AD5D8D21DF9A1F00740CA9 /* Assets.xcassets */,
				15AD5D8F21DF9A1F00740CA9 /* LaunchScreen.storyboard */,
				15AD5D9221DF9A1F00740CA9 /* Info.plist */,
				15AD5D9321DF9A1F00740CA9 /* main.m */,
				15AD5D8A21DF9A1C00740CA9 /* StudentScore_CoreData.xcdatamodeld */,
				15AD5DB621DF9C9A00740CA9 /* TableViewController.h */,
				15AD5DB721DF9C9A00740CA9 /* TableViewController.m */,
			);
			path = StudentScore_CoreData;
			sourceTree = "<group>";
		};
		15AD5D9C21DF9A1F00740CA9 /* StudentScore_CoreDataTests */ = {
			isa = PBXGroup;
			children = (
				15AD5D9D21DF9A1F00740CA9 /* StudentScore_CoreDataTests.m */,
				15AD5D9F21DF9A1F00740CA9 /* Info.plist */,
			);
			path = StudentScore_CoreDataTests;
			sourceTree = "<group>";
		};
		15AD5DA721DF9A1F00740CA9 /* StudentScore_CoreDataUITests */ = {
			isa = PBXGroup;
			children = (
				15AD5DA821DF9A1F00740CA9 /* StudentScore_CoreDataUITests.m */,
				15AD5DAA21DF9A1F00740CA9 /* Info.plist */,
			);
			path = StudentScore_CoreDataUITests;
			sourceTree = "<group>";
		};
/* End PBXGroup section */

/* Begin PBXNativeTarget section */
		15AD5D7D21DF9A1C00740CA9 /* StudentScore_CoreData */ = {
			isa = PBXNativeTarget;
			buildConfigurationList = 15AD5DAD21DF9A1F00740CA9 /* Build configuration list for PBXNativeTarget "StudentScore_CoreData" */;
			buildPhases = (
				15AD5D7A21DF9A1C00740CA9 /* Sources */,
				15AD5D7B21DF9A1C00740CA9 /* Frameworks */,
				15AD5D7C21DF9A1C00740CA9 /* Resources */,
			);
			buildRules = (
			);
			dependencies = (
			);
			name = StudentScore_CoreData;
			productName = StudentScore_CoreData;
			productReference = 15AD5D7E21DF9A1C00740CA9 /* StudentScore_CoreData.app */;
			productType = "com.apple.product-type.application";
		};
		15AD5D9821DF9A1F00740CA9 /* StudentScore_CoreDataTests */ = {
			isa = PBXNativeTarget;
			buildConfigurationList = 15AD5DB021DF9A1F00740CA9 /* Build configuration list for PBXNativeTarget "StudentScore_CoreDataTests" */;
			buildPhases = (
				15AD5D9521DF9A1F00740CA9 /* Sources */,
				15AD5D9621DF9A1F00740CA9 /* Frameworks */,
				15AD5D9721DF9A1F00740CA9 /* Resources */,
			);
			buildRules = (
			);
			dependencies = (
				15AD5D9B21DF9A1F00740CA9 /* PBXTargetDependency */,
			);
			name = StudentScore_CoreDataTests;
			productName = StudentScore_CoreDataTests;
			productReference = 15AD5D9921DF9A1F00740CA9 /* StudentScore_CoreDataTests.xctest */;
			productType = "com.apple.product-type.bundle.unit-test";
		};
		15AD5DA321DF9A1F00740CA9 /* StudentScore_CoreDataUITests */ = {
			isa = PBXNativeTarget;
			buildConfigurationList = 15AD5DB321DF9A1F00740CA9 /* Build configuration list for PBXNativeTarget "StudentScore_CoreDataUITests" */;
			buildPhases = (
				15AD5DA021DF9A1F00740CA9 /* Sources */,
				15AD5DA121DF9A1F00740CA9 /* Frameworks */,
				15AD5DA221DF9A1F00740CA9 /* Resources */,
			);
			buildRules = (
			);
			dependencies = (
				15AD5DA621DF9A1F00740CA9 /* PBXTargetDependency */,
			);
			name = StudentScore_CoreDataUITests;
			productName = StudentScore_CoreDataUITests;
			productReference = 15AD5DA421DF9A1F00740CA9 /* StudentScore_CoreDataUITests.xctest */;
			productType = "com.apple.product-type.bundle.ui-testing";
		};
/* End PBXNativeTarget section */

/* Begin PBXProject section */
		15AD5D7621DF9A1C00740CA9 /* Project object */ = {
			isa = PBXProject;
			attributes = {
				LastUpgradeCheck = 1010;
				ORGANIZATIONNAME = XQ;
				TargetAttributes = {
					15AD5D7D21DF9A1C00740CA9 = {
						CreatedOnToolsVersion = 10.1;
					};
					15AD5D9821DF9A1F00740CA9 = {
						CreatedOnToolsVersion = 10.1;
						TestTargetID = 15AD5D7D21DF9A1C00740CA9;
					};
					15AD5DA321DF9A1F00740CA9 = {
						CreatedOnToolsVersion = 10.1;
						TestTargetID = 15AD5D7D21DF9A1C00740CA9;
					};
				};
			};
			buildConfigurationList = 15AD5D7921DF9A1C00740CA9 /* Build configuration list for PBXProject "StudentScore_CoreData" */;
			compatibilityVersion = "Xcode 9.3";
			developmentRegion = en;
			hasScannedForEncodings = 0;
			knownRegions = (
				en,
				Base,
			);
			mainGroup = 15AD5D7521DF9A1C00740CA9;
			productRefGroup = 15AD5D7F21DF9A1C00740CA9 /* Products */;
			projectDirPath = "";
			projectRoot = "";
			targets = (
				15AD5D7D21DF9A1C00740CA9 /* StudentScore_CoreData */,
				15AD5D9821DF9A1F00740CA9 /* StudentScore_CoreDataTests */,
				15AD5DA321DF9A1F00740CA9 /* StudentScore_CoreDataUITests */,
			);
		};
/* End PBXProject section */

/* Begin PBXResourcesBuildPhase section */
		15AD5D7C21DF9A1C00740CA9 /* Resources */ = {
			isa = PBXResourcesBuildPhase;
			buildActionMask = 2147483647;
			files = (
				15AD5D9121DF9A1F00740CA9 /* LaunchScreen.storyboard in Resources */,
				15AD5D8E21DF9A1F00740CA9 /* Assets.xcassets in Resources */,
				15AD5D8921DF9A1C00740CA9 /* Main.storyboard in Resources */,
			);
			runOnlyForDeploymentPostprocessing = 0;
		};
		15AD5D9721DF9A1F00740CA9 /* Resources */ = {
			isa = PBXResourcesBuildPhase;
			buildActionMask = 2147483647;
			files = (
			);
			runOnlyForDeploymentPostprocessing = 0;
		};
		15AD5DA221DF9A1F00740CA9 /* Resources */ = {
			isa = PBXResourcesBuildPhase;
			buildActionMask = 2147483647;
			files = (
			);
			runOnlyForDeploymentPostprocessing = 0;
		};
/* End PBXResourcesBuildPhase section */

/* Begin PBXSourcesBuildPhase section */
		15AD5D7A21DF9A1C00740CA9 /* Sources */ = {
			isa = PBXSourcesBuildPhase;
			buildActionMask = 2147483647;
			files = (
				15AD5D8C21DF9A1C00740CA9 /* StudentScore_CoreData.xcdatamodeld in Sources */,
				15AD5D8621DF9A1C00740CA9 /* ViewController.m in Sources */,
				15AD5D9421DF9A1F00740CA9 /* main.m in Sources */,
				15AD5DB821DF9C9A00740CA9 /* TableViewController.m in Sources */,
				15AD5D8321DF9A1C00740CA9 /* AppDelegate.m in Sources */,
			);
			runOnlyForDeploymentPostprocessing = 0;
		};
		15AD5D9521DF9A1F00740CA9 /* Sources */ = {
			isa = PBXSourcesBuildPhase;
			buildActionMask = 2147483647;
			files = (
				15AD5D9E21DF9A1F00740CA9 /* StudentScore_CoreDataTests.m in Sources */,
			);
			runOnlyForDeploymentPostprocessing = 0;
		};
		15AD5DA021DF9A1F00740CA9 /* Sources */ = {
			isa = PBXSourcesBuildPhase;
			buildActionMask = 2147483647;
			files = (
				15AD5DA921DF9A1F00740CA9 /* StudentScore_CoreDataUITests.m in Sources */,
			);
			runOnlyForDeploymentPostprocessing = 0;
		};
/* End PBXSourcesBuildPhase section */

/* Begin PBXTargetDependency section */
		15AD5D9B21DF9A1F00740CA9 /* PBXTargetDependency */ = {
			isa = PBXTargetDependency;
			target = 15AD5D7D21DF9A1C00740CA9 /* StudentScore_CoreData */;
			targetProxy = 15AD5D9A21DF9A1F00740CA9 /* PBXContainerItemProxy */;
		};
		15AD5DA621DF9A1F00740CA9 /* PBXTargetDependency */ = {
			isa = PBXTargetDependency;
			target = 15AD5D7D21DF9A1C00740CA9 /* StudentScore_CoreData */;
			targetProxy = 15AD5DA521DF9A1F00740CA9 /* PBXContainerItemProxy */;
		};
/* End PBXTargetDependency section */

/* Begin PBXVariantGroup section */
		15AD5D8721DF9A1C00740CA9 /* Main.storyboard */ = {
			isa = PBXVariantGroup;
			children = (
				15AD5D8821DF9A1C00740CA9 /* Base */,
			);
			name = Main.storyboard;
			sourceTree = "<group>";
		};
		15AD5D8F21DF9A1F00740CA9 /* LaunchScreen.storyboard */ = {
			isa = PBXVariantGroup;
			children = (
				15AD5D9021DF9A1F00740CA9 /* Base */,
			);
			name = LaunchScreen.storyboard;
			sourceTree = "<group>";
		};
/* End PBXVariantGroup section */

/* Begin XCBuildConfiguration section */
		15AD5DAB21DF9A1F00740CA9 /* Debug */ = {
			isa = XCBuildConfiguration;
			buildSettings = {
				ALWAYS_SEARCH_USER_PATHS = NO;
				CLANG_ANALYZER_NONNULL = YES;
				CLANG_ANALYZER_NUMBER_OBJECT_CONVERSION = YES_AGGRESSIVE;
				CLANG_CXX_LANGUAGE_STANDARD = "gnu++14";
				CLANG_CXX_LIBRARY = "libc++";
				CLANG_ENABLE_MODULES = YES;
				CLANG_ENABLE_OBJC_ARC = YES;
				CLANG_ENABLE_OBJC_WEAK = YES;
				CLANG_WARN_BLOCK_CAPTURE_AUTORELEASING = YES;
				CLANG_WARN_BOOL_CONVERSION = YES;
				CLANG_WARN_COMMA = YES;
				CLANG_WARN_CONSTANT_CONVERSION = YES;
				CLANG_WARN_DEPRECATED_OBJC_IMPLEMENTATIONS = YES;
				CLANG_WARN_DIRECT_OBJC_ISA_USAGE = YES_ERROR;
				CLANG_WARN_DOCUMENTATION_COMMENTS = YES;
				CLANG_WARN_EMPTY_BODY = YES;
				CLANG_WARN_ENUM_CONVERSION = YES;
				CLANG_WARN_INFINITE_RECURSION = YES;
				CLANG_WARN_INT_CONVERSION = YES;
				CLANG_WARN_NON_LITERAL_NULL_CONVERSION = YES;
				CLANG_WARN_OBJC_IMPLICIT_RETAIN_SELF = YES;
				CLANG_WARN_OBJC_LITERAL_CONVERSION = YES;
				CLANG_WARN_OBJC_ROOT_CLASS = YES_ERROR;
				CLANG_WARN_RANGE_LOOP_ANALYSIS = YES;
				CLANG_WARN_STRICT_PROTOTYPES = YES;
				CLANG_WARN_SUSPICIOUS_MOVE = YES;
				CLANG_WARN_UNGUARDED_AVAILABILITY = YES_AGGRESSIVE;
				CLANG_WARN_UNREACHABLE_CODE = YES;
				CLANG_WARN__DUPLICATE_METHOD_MATCH = YES;
				CODE_SIGN_IDENTITY = "iPhone Developer";
				COPY_PHASE_STRIP = NO;
				DEBUG_INFORMATION_FORMAT = dwarf;
				ENABLE_STRICT_OBJC_MSGSEND = YES;
				ENABLE_TESTABILITY = YES;
				GCC_C_LANGUAGE_STANDARD = gnu11;
				GCC_DYNAMIC_NO_PIC = NO;
				GCC_NO_COMMON_BLOCKS = YES;
				GCC_OPTIMIZATION_LEVEL = 0;
				GCC_PREPROCESSOR_DEFINITIONS = (
					"DEBUG=1",
					"$(inherited)",
				);
				GCC_WARN_64_TO_32_BIT_CONVERSION = YES;
				GCC_WARN_ABOUT_RETURN_TYPE = YES_ERROR;
				GCC_WARN_UNDECLARED_SELECTOR = YES;
				GCC_WARN_UNINITIALIZED_AUTOS = YES_AGGRESSIVE;
				GCC_WARN_UNUSED_FUNCTION = YES;
				GCC_WARN_UNUSED_VARIABLE = YES;
				IPHONEOS_DEPLOYMENT_TARGET = 12.1;
				MTL_ENABLE_DEBUG_INFO = INCLUDE_SOURCE;
				MTL_FAST_MATH = YES;
				ONLY_ACTIVE_ARCH = YES;
				SDKROOT = iphoneos;
			};
			name = Debug;
		};
		15AD5DAC21DF9A1F00740CA9 /* Release */ = {
			isa = XCBuildConfiguration;
			buildSettings = {
				ALWAYS_SEARCH_USER_PATHS = NO;
				CLANG_ANALYZER_NONNULL = YES;
				CLANG_ANALYZER_NUMBER_OBJECT_CONVERSION = YES_AGGRESSIVE;
				CLANG_CXX_LANGUAGE_STANDARD = "gnu++14";
				CLANG_CXX_LIBRARY = "libc++";
				CLANG_ENABLE_MODULES = YES;
				CLANG_ENABLE_OBJC_ARC = YES;
				CLANG_ENABLE_OBJC_WEAK = YES;
				CLANG_WARN_BLOCK_CAPTURE_AUTORELEASING = YES;
				CLANG_WARN_BOOL_CONVERSION = YES;
				CLANG_WARN_COMMA = YES;
				CLANG_WARN_CONSTANT_CONVERSION = YES;
				CLANG_WARN_DEPRECATED_OBJC_IMPLEMENTATIONS = YES;
				CLANG_WARN_DIRECT_OBJC_ISA_USAGE = YES_ERROR;
				CLANG_WARN_DOCUMENTATION_COMMENTS = YES;
				CLANG_WARN_EMPTY_BODY = YES;
				CLANG_WARN_ENUM_CONVERSION = YES;
				CLANG_WARN_INFINITE_RECURSION = YES;
				CLANG_WARN_INT_CONVERSION = YES;
				CLANG_WARN_NON_LITERAL_NULL_CONVERSION = YES;
				CLANG_WARN_OBJC_IMPLICIT_RETAIN_SELF = YES;
				CLANG_WARN_OBJC_LITERAL_CONVERSION = YES;
				CLANG_WARN_OBJC_ROOT_CLASS = YES_ERROR;
				CLANG_WARN_RANGE_LOOP_ANALYSIS = YES;
				CLANG_WARN_STRICT_PROTOTYPES = YES;
				CLANG_WARN_SUSPICIOUS_MOVE = YES;
				CLANG_WARN_UNGUARDED_AVAILABILITY = YES_AGGRESSIVE;
				CLANG_WARN_UNREACHABLE_CODE = YES;
				CLANG_WARN__DUPLICATE_METHOD_MATCH = YES;
				CODE_SIGN_IDENTITY = "iPhone Developer";
				COPY_PHASE_STRIP = NO;
				DEBUG_INFORMATION_FORMAT = "dwarf-with-dsym";
				ENABLE_NS_ASSERTIONS = NO;
				ENABLE_STRICT_OBJC_MSGSEND = YES;
				GCC_C_LANGUAGE_STANDARD = gnu11;
				GCC_NO_COMMON_BLOCKS = YES;
				GCC_WARN_64_TO_32_BIT_CONVERSION = YES;
				GCC_WARN_ABOUT_RETURN_TYPE = YES_ERROR;
				GCC_WARN_UNDECLARED_SELECTOR = YES;
				GCC_WARN_UNINITIALIZED_AUTOS = YES_AGGRESSIVE;
				GCC_WARN_UNUSED_FUNCTION = YES;
				GCC_WARN_UNUSED_VARIABLE = YES;
				IPHONEOS_DEPLOYMENT_TARGET = 12.1;
				MTL_ENABLE_DEBUG_INFO = NO;
				MTL_FAST_MATH = YES;
				SDKROOT = iphoneos;
				VALIDATE_PRODUCT = YES;
			};
			name = Release;
		};
		15AD5DAE21DF9A1F00740CA9 /* Debug */ = {
			isa = XCBuildConfiguration;
			buildSettings = {
				ASSETCATALOG_COMPILER_APPICON_NAME = AppIcon;
				CODE_SIGN_IDENTITY = "iPhone Developer";
				CODE_SIGN_STYLE = Automatic;
				DEVELOPMENT_TEAM = DXFP8TLN85;
				INFOPLIST_FILE = StudentScore_CoreData/Info.plist;
				LD_RUNPATH_SEARCH_PATHS = (
					"$(inherited)",
					"@executable_path/Frameworks",
				);
				PRODUCT_BUNDLE_IDENTIFIER = "XQ.StudentScore-CoreData";
				PRODUCT_NAME = "$(TARGET_NAME)";
				PROVISIONING_PROFILE_SPECIFIER = "";
				TARGETED_DEVICE_FAMILY = "1,2";
			};
			name = Debug;
		};
		15AD5DAF21DF9A1F00740CA9 /* Release */ = {
			isa = XCBuildConfiguration;
			buildSettings = {
				ASSETCATALOG_COMPILER_APPICON_NAME = AppIcon;
				CODE_SIGN_IDENTITY = "iPhone Developer";
				CODE_SIGN_STYLE = Automatic;
				DEVELOPMENT_TEAM = DXFP8TLN85;
				INFOPLIST_FILE = StudentScore_CoreData/Info.plist;
				LD_RUNPATH_SEARCH_PATHS = (
					"$(inherited)",
					"@executable_path/Frameworks",
				);
				PRODUCT_BUNDLE_IDENTIFIER = "XQ.StudentScore-CoreData";
				PRODUCT_NAME = "$(TARGET_NAME)";
				PROVISIONING_PROFILE_SPECIFIER = "";
				TARGETED_DEVICE_FAMILY = "1,2";
			};
			name = Release;
		};
		15AD5DB121DF9A1F00740CA9 /* Debug */ = {
			isa = XCBuildConfiguration;
			buildSettings = {
				BUNDLE_LOADER = "$(TEST_HOST)";
				CODE_SIGN_STYLE = Automatic;
				DEVELOPMENT_TEAM = DXFP8TLN85;
				INFOPLIST_FILE = StudentScore_CoreDataTests/Info.plist;
				LD_RUNPATH_SEARCH_PATHS = (
					"$(inherited)",
					"@executable_path/Frameworks",
					"@loader_path/Frameworks",
				);
				PRODUCT_BUNDLE_IDENTIFIER = "XQ.StudentScore-CoreDataTests";
				PRODUCT_NAME = "$(TARGET_NAME)";
				TARGETED_DEVICE_FAMILY = "1,2";
				TEST_HOST = "$(BUILT_PRODUCTS_DIR)/StudentScore_CoreData.app/StudentScore_CoreData";
			};
			name = Debug;
		};
		15AD5DB221DF9A1F00740CA9 /* Release */ = {
			isa = XCBuildConfiguration;
			buildSettings = {
				BUNDLE_LOADER = "$(TEST_HOST)";
				CODE_SIGN_STYLE = Automatic;
				DEVELOPMENT_TEAM = DXFP8TLN85;
				INFOPLIST_FILE = StudentScore_CoreDataTests/Info.plist;
				LD_RUNPATH_SEARCH_PATHS = (
					"$(inherited)",
					"@executable_path/Frameworks",
					"@loader_path/Frameworks",
				);
				PRODUCT_BUNDLE_IDENTIFIER = "XQ.StudentScore-CoreDataTests";
				PRODUCT_NAME = "$(TARGET_NAME)";
				TARGETED_DEVICE_FAMILY = "1,2";
				TEST_HOST = "$(BUILT_PRODUCTS_DIR)/StudentScore_CoreData.app/StudentScore_CoreData";
			};
			name = Release;
		};
		15AD5DB421DF9A1F00740CA9 /* Debug */ = {
			isa = XCBuildConfiguration;
			buildSettings = {
				CODE_SIGN_STYLE = Automatic;
				DEVELOPMENT_TEAM = DXFP8TLN85;
				INFOPLIST_FILE = StudentScore_CoreDataUITests/Info.plist;
				LD_RUNPATH_SEARCH_PATHS = (
					"$(inherited)",
					"@executable_path/Frameworks",
					"@loader_path/Frameworks",
				);
				PRODUCT_BUNDLE_IDENTIFIER = "XQ.StudentScore-CoreDataUITests";
				PRODUCT_NAME = "$(TARGET_NAME)";
				TARGETED_DEVICE_FAMILY = "1,2";
				TEST_TARGET_NAME = StudentScore_CoreData;
			};
			name = Debug;
		};
		15AD5DB521DF9A1F00740CA9 /* Release */ = {
			isa = XCBuildConfiguration;
			buildSettings = {
				CODE_SIGN_STYLE = Automatic;
				DEVELOPMENT_TEAM = DXFP8TLN85;
				INFOPLIST_FILE = StudentScore_CoreDataUITests/Info.plist;
				LD_RUNPATH_SEARCH_PATHS = (
					"$(inherited)",
					"@executable_path/Frameworks",
					"@loader_path/Frameworks",
				);
				PRODUCT_BUNDLE_IDENTIFIER = "XQ.StudentScore-CoreDataUITests";
				PRODUCT_NAME = "$(TARGET_NAME)";
				TARGETED_DEVICE_FAMILY = "1,2";
				TEST_TARGET_NAME = StudentScore_CoreData;
			};
			name = Release;
		};
/* End XCBuildConfiguration section */

/* Begin XCConfigurationList section */
		15AD5D7921DF9A1C00740CA9 /* Build configuration list for PBXProject "StudentScore_CoreData" */ = {
			isa = XCConfigurationList;
			buildConfigurations = (
				15AD5DAB21DF9A1F00740CA9 /* Debug */,
				15AD5DAC21DF9A1F00740CA9 /* Release */,
			);
			defaultConfigurationIsVisible = 0;
			defaultConfigurationName = Release;
		};
		15AD5DAD21DF9A1F00740CA9 /* Build configuration list for PBXNativeTarget "StudentScore_CoreData" */ = {
			isa = XCConfigurationList;
			buildConfigurations = (
				15AD5DAE21DF9A1F00740CA9 /* Debug */,
				15AD5DAF21DF9A1F00740CA9 /* Release */,
			);
			defaultConfigurationIsVisible = 0;
			defaultConfigurationName = Release;
		};
		15AD5DB021DF9A1F00740CA9 /* Build configuration list for PBXNativeTarget "StudentScore_CoreDataTests" */ = {
			isa = XCConfigurationList;
			buildConfigurations = (
				15AD5DB121DF9A1F00740CA9 /* Debug */,
				15AD5DB221DF9A1F00740CA9 /* Release */,
			);
			defaultConfigurationIsVisible = 0;
			defaultConfigurationName = Release;
		};
		15AD5DB321DF9A1F00740CA9 /* Build configuration list for PBXNativeTarget "StudentScore_CoreDataUITests" */ = {
			isa = XCConfigurationList;
			buildConfigurations = (
				15AD5DB421DF9A1F00740CA9 /* Debug */,
				15AD5DB521DF9A1F00740CA9 /* Release */,
			);
			defaultConfigurationIsVisible = 0;
			defaultConfigurationName = Release;
		};
/* End XCConfigurationList section */

/* Begin XCVersionGroup section */
		15AD5D8A21DF9A1C00740CA9 /* StudentScore_CoreData.xcdatamodeld */ = {
			isa = XCVersionGroup;
			children = (
				1576CB6421DFBD1E00A10703 /* StudentScore_CoreData 2.xcdatamodel */,
				1576CB6321DFBD0100A10703 /* StudentScore_CoreData 2.xcdatamodel */,
				15AD5D8B21DF9A1C00740CA9 /* StudentScore_CoreData.xcdatamodel */,
			);
			currentVersion = 15AD5D8B21DF9A1C00740CA9 /* StudentScore_CoreData.xcdatamodel */;
			path = StudentScore_CoreData.xcdatamodeld;
			sourceTree = "<group>";
			versionGroupType = wrapper.xcdatamodel;
		};
/* End XCVersionGroup section */
	};
	rootObject = 15AD5D7621DF9A1C00740CA9 /* Project object */;
}
